{
  "name": "@open-rpc/schema-utils-js",
  "version": "0.0.0-semantic-release-dev",
  "lockfileVersion": 1,
  "requires": true,
  "dependencies": {
    "@json-schema-spec/json-pointer": {
      "version": "0.1.2",
      "resolved": "https://registry.npmjs.org/@json-schema-spec/json-pointer/-/json-pointer-0.1.2.tgz",
      "integrity": "sha512-BYY7IavBjwsWWSmVcMz2A9mKiDD9RvacnsItgmy1xV8cmgbtxFfKmKMtkVpD7pYtkx4mIW4800yZBXueVFIWPw=="
    },
    "@json-schema-tools/dereferencer": {
      "version": "1.4.0",
      "resolved": "https://registry.npmjs.org/@json-schema-tools/dereferencer/-/dereferencer-1.4.0.tgz",
      "integrity": "sha512-Wzn9Ss9AaCWGGYJZNN3dMFq5GhZnrhzqgGkqN3hEP2A3/9gxIC9B+pm6ejFPmWF9M2xbO+zLn5BB8rEX4xdW/w==",
      "requires": {
        "@json-schema-tools/reference-resolver": "^1.0.7",
        "@json-schema-tools/traverse": "^1.7.5",
        "fast-safe-stringify": "^2.0.7"
      },
      "dependencies": {
        "fast-safe-stringify": {
          "version": "2.0.7",
          "resolved": "https://registry.npmjs.org/fast-safe-stringify/-/fast-safe-stringify-2.0.7.tgz",
          "integrity": "sha512-Utm6CdzT+6xsDk2m8S6uL8VHxNwI6Jub+e9NYTcAms28T84pTa25GJQV9j0CY0N1rM8hK4x6grpF2BQf+2qwVA=="
        }
      }
    },
    "@json-schema-tools/meta-schema": {
      "version": "1.5.10",
      "resolved": "https://registry.npmjs.org/@json-schema-tools/meta-schema/-/meta-schema-1.5.10.tgz",
      "integrity": "sha512-zg04/H1ADj9fnkEzc5uNa6om00dOR8dUNil3YSuLh46wfTQva3a9JOcqKudAf7NECKldlYI94bSiF++NgLSbBw=="
    },
    "@json-schema-tools/reference-resolver": {
      "version": "1.1.1",
      "resolved": "https://registry.npmjs.org/@json-schema-tools/reference-resolver/-/reference-resolver-1.1.1.tgz",
      "integrity": "sha512-T0ntnhaMUOEBNzb37Y7LRJdCt34vlExEqyVvcRO1iScLpVnBhddgECS1XjT8eZQVc7UuH5KssTy8T0/g7m1xbw==",
      "requires": {
        "@json-schema-spec/json-pointer": "^0.1.2",
        "isomorphic-fetch": "^3.0.0"
      },
      "dependencies": {
        "isomorphic-fetch": {
          "version": "3.0.0",
          "resolved": "https://registry.npmjs.org/isomorphic-fetch/-/isomorphic-fetch-3.0.0.tgz",
          "integrity": "sha512-qvUtwJ3j6qwsF3jLxkZ72qCgjMysPzDfeV240JHiGZsANBYd+EEuu35v7dfrJ9Up0Ak07D7GGSkGhCHTqg/5wA==",
          "requires": {
            "node-fetch": "^2.6.1",
            "whatwg-fetch": "^3.4.1"
          }
        }
      }
    },
    "@json-schema-tools/traverse": {
      "version": "1.7.7",
      "resolved": "https://registry.npmjs.org/@json-schema-tools/traverse/-/traverse-1.7.7.tgz",
      "integrity": "sha512-ch/pPoOEIeKe1PKbfuLEIM8MAdTiR+fr9BYk6VTlIHrya5f5d8shJg6h/oQgD3K/ftjU/RYBGGalw9Pz4pCXew=="
    },
    "@open-rpc/meta-schema": {
      "version": "1.14.0",
      "resolved": "https://registry.npmjs.org/@open-rpc/meta-schema/-/meta-schema-1.14.0.tgz",
      "integrity": "sha512-xuoTeDu5STWiufLeWEVwb1zhYVSx7uX7HSF12I79+OCw4KgBm5WjBN/+bKwnBbOVncuzUk6O1riJknLhYv4V+g=="
    },
    "node-fetch": {
      "version": "2.6.1",
      "resolved": "https://registry.npmjs.org/node-fetch/-/node-fetch-2.6.1.tgz",
      "integrity": "sha512-V4aYg89jEoVRxRb2fJdAg8FHvI7cEyYdVAh94HH0UIK8oJxUfkjlDQN9RbMx+bEjP7+ggMiFRprSti032Oipxw=="
    },
    "whatwg-fetch": {
      "version": "3.5.0",
      "resolved": "https://registry.npmjs.org/whatwg-fetch/-/whatwg-fetch-3.5.0.tgz",
      "integrity": "sha512-jXkLtsR42xhXg7akoDKvKWE40eJeI+2KZqcp2h3NsOrRnDvtWX36KcKl30dy+hxECivdk2BVUHVNrPtoMBUx6A=="
    }
  }
}
